<?xml version="1.0" encoding="utf-8"?>
<Project ToolsVersion="4.0" xmlns="http://schemas.microsoft.com/developer/msbuild/2003">
  <ItemGroup>
    <Filter Include="Исходные файлы">
      <UniqueIdentifier>{4FC737F1-C7A5-4376-A066-2A32D752A2FF}</UniqueIdentifier>
      <Extensions>cpp;c;cc;cxx;def;odl;idl;hpj;bat;asm;asmx</Extensions>
    </Filter>
    <Filter Include="Файлы ресурсов">
      <UniqueIdentifier>{67DA6AB6-F800-4c08-8B7A-83BB121AAD01}</UniqueIdentifier>
      <Extensions>rc;ico;cur;bmp;dlg;rc2;rct;bin;rgs;gif;jpg;jpeg;jpe;resx;tiff;tif;png;wav;mfcribbon-ms</Extensions>
    </Filter>
    <Filter Include="Файлы заголовков">
      <UniqueIdentifier>{93995380-89BD-4b04-88EB-625FBE52EBFB}</UniqueIdentifier>
      <Extensions>h;hh;hpp;hxx;hm;inl;inc;xsd</Extensions>
    </Filter>
    <Filter Include="Dear Imgui">
      <UniqueIdentifier>{7670c087-1763-47fa-85e4-90a1ed34af36}</UniqueIdentifier>
    </Filter>
    <Filter Include="imgui-sfml">
      <UniqueIdentifier>{16b7618a-28a8-4967-9bbb-1de81e69dd4d}</UniqueIdentifier>
    </Filter>
    <Filter Include="ECS">
      <UniqueIdentifier>{93bd5529-57e2-441b-b142-e5c2d7602f19}</UniqueIdentifier>
    </Filter>
    <Filter Include="SCENES">
      <UniqueIdentifier>{9c6f90ae-5a5e-429f-aa6a-42c2b15833f5}</UniqueIdentifier>
    </Filter>
    <Filter Include="SYSTEMS">
      <UniqueIdentifier>{8ddb6469-c61b-47f1-925f-ab715c5be1d8}</UniqueIdentifier>
    </Filter>
    <Filter Include="COMPONENTS">
      <UniqueIdentifier>{651847b1-a905-409b-a510-93e7d4381eb9}</UniqueIdentifier>
      <Extensions>
      </Extensions>
    </Filter>
  </ItemGroup>
  <ItemGroup>
    <ClInclude Include="..\include\imgui\imconfig.h">
      <Filter>Dear Imgui</Filter>
    </ClInclude>
    <ClInclude Include="..\include\imgui\imgui.h">
      <Filter>Dear Imgui</Filter>
    </ClInclude>
    <ClInclude Include="..\include\imgui\imgui_internal.h">
      <Filter>Dear Imgui</Filter>
    </ClInclude>
    <ClInclude Include="..\include\imgui\imstb_rectpack.h">
      <Filter>Dear Imgui</Filter>
    </ClInclude>
    <ClInclude Include="..\include\imgui\imstb_textedit.h">
      <Filter>Dear Imgui</Filter>
    </ClInclude>
    <ClInclude Include="..\include\imgui\imstb_truetype.h">
      <Filter>Dear Imgui</Filter>
    </ClInclude>
    <ClInclude Include="..\include\imgui-sfml\imconfig-SFML.h">
      <Filter>imgui-sfml</Filter>
    </ClInclude>
    <ClInclude Include="..\include\imgui-sfml\imgui-SFML.h">
      <Filter>imgui-sfml</Filter>
    </ClInclude>
    <ClInclude Include="..\include\imgui-sfml\imgui-SFML_export.h">
      <Filter>imgui-sfml</Filter>
    </ClInclude>
    <ClInclude Include="Engine.h">
      <Filter>Файлы заголовков</Filter>
    </ClInclude>
    <ClInclude Include="Gui.h">
      <Filter>Файлы заголовков</Filter>
    </ClInclude>
    <ClInclude Include="ResourceManager.h">
      <Filter>Файлы заголовков</Filter>
    </ClInclude>
    <ClInclude Include="MetaSprite.h">
      <Filter>Файлы заголовков</Filter>
    </ClInclude>
    <ClInclude Include="MultiTileObject.h">
      <Filter>Файлы заголовков</Filter>
    </ClInclude>
    <ClInclude Include="_GUI.h">
      <Filter>Файлы заголовков</Filter>
    </ClInclude>
    <ClInclude Include="Level.h">
      <Filter>Файлы заголовков</Filter>
    </ClInclude>
    <ClInclude Include="dGrid.h">
      <Filter>Файлы заголовков</Filter>
    </ClInclude>
    <ClInclude Include="Scene.h">
      <Filter>SCENES</Filter>
    </ClInclude>
    <ClInclude Include="Scene1.h">
      <Filter>SCENES</Filter>
    </ClInclude>
    <ClInclude Include="Scene2.h">
      <Filter>SCENES</Filter>
    </ClInclude>
    <ClInclude Include="Scene3.h">
      <Filter>SCENES</Filter>
    </ClInclude>
    <ClInclude Include="Animation.h">
      <Filter>Файлы заголовков</Filter>
    </ClInclude>
    <ClInclude Include="Player.h">
      <Filter>Файлы заголовков</Filter>
    </ClInclude>
    <ClInclude Include="Coordinator.h">
      <Filter>ECS</Filter>
    </ClInclude>
    <ClInclude Include="ComponentArray.h">
      <Filter>ECS</Filter>
    </ClInclude>
    <ClInclude Include="ComponentManager.h">
      <Filter>ECS</Filter>
    </ClInclude>
    <ClInclude Include="EntityManager.h">
      <Filter>ECS</Filter>
    </ClInclude>
    <ClInclude Include="System.h">
      <Filter>ECS</Filter>
    </ClInclude>
    <ClInclude Include="SystemManager.h">
      <Filter>ECS</Filter>
    </ClInclude>
    <ClInclude Include="Types.h">
      <Filter>ECS</Filter>
    </ClInclude>
    <ClInclude Include="SYS_LIB.h">
      <Filter>SYSTEMS</Filter>
    </ClInclude>
    <ClInclude Include="COM_LIB.h">
      <Filter>COMPONENTS</Filter>
    </ClInclude>
    <ClInclude Include="InputSystem.h">
      <Filter>SYSTEMS</Filter>
    </ClInclude>
    <ClInclude Include="RenderSystem.h">
      <Filter>SYSTEMS</Filter>
    </ClInclude>
    <ClInclude Include="PhysicsSystem.h">
      <Filter>SYSTEMS</Filter>
    </ClInclude>
    <ClInclude Include="CameraSystem.h">
      <Filter>SYSTEMS</Filter>
    </ClInclude>
    <ClInclude Include="COM_Hitbox.h">
      <Filter>COMPONENTS</Filter>
    </ClInclude>
    <ClInclude Include="COM_Input.h">
      <Filter>COMPONENTS</Filter>
    </ClInclude>
    <ClInclude Include="COM_RigidBody.h">
      <Filter>COMPONENTS</Filter>
    </ClInclude>
    <ClInclude Include="COM_Sprite.h">
      <Filter>COMPONENTS</Filter>
    </ClInclude>
    <ClInclude Include="COM_Transform.h">
      <Filter>COMPONENTS</Filter>
    </ClInclude>
    <ClInclude Include="COM_View.h">
      <Filter>COMPONENTS</Filter>
    </ClInclude>
    <ClInclude Include="COM_Animation.h">
      <Filter>COMPONENTS</Filter>
    </ClInclude>
    <ClInclude Include="COM_States.h">
      <Filter>COMPONENTS</Filter>
    </ClInclude>
  </ItemGroup>
  <ItemGroup>
    <ClCompile Include="..\include\imgui\imgui.cpp">
      <Filter>Dear Imgui</Filter>
    </ClCompile>
    <ClCompile Include="..\include\imgui\imgui_demo.cpp">
      <Filter>Dear Imgui</Filter>
    </ClCompile>
    <ClCompile Include="..\include\imgui\imgui_draw.cpp">
      <Filter>Dear Imgui</Filter>
    </ClCompile>
    <ClCompile Include="..\include\imgui\imgui_widgets.cpp">
      <Filter>Dear Imgui</Filter>
    </ClCompile>
    <ClCompile Include="..\include\imgui-sfml\imgui-SFML.cpp">
      <Filter>imgui-sfml</Filter>
    </ClCompile>
    <ClCompile Include="Engine.cpp">
      <Filter>Исходные файлы</Filter>
    </ClCompile>
    <ClCompile Include="main.cpp">
      <Filter>Исходные файлы</Filter>
    </ClCompile>
    <ClCompile Include="Gui.cpp">
      <Filter>Исходные файлы</Filter>
    </ClCompile>
    <ClCompile Include="ResourceManager.cpp">
      <Filter>Исходные файлы</Filter>
    </ClCompile>
    <ClCompile Include="MetaSprite.cpp">
      <Filter>Исходные файлы</Filter>
    </ClCompile>
    <ClCompile Include="_GUI.cpp">
      <Filter>Исходные файлы</Filter>
    </ClCompile>
    <ClCompile Include="Level.cpp">
      <Filter>Исходные файлы</Filter>
    </ClCompile>
    <ClCompile Include="dGrid.cpp">
      <Filter>Исходные файлы</Filter>
    </ClCompile>
    <ClCompile Include="ECS.md">
      <Filter>ECS</Filter>
    </ClCompile>
    <ClCompile Include="Scene.cpp">
      <Filter>SCENES</Filter>
    </ClCompile>
    <ClCompile Include="Scene1.cpp">
      <Filter>SCENES</Filter>
    </ClCompile>
    <ClCompile Include="Scene2.cpp">
      <Filter>SCENES</Filter>
    </ClCompile>
    <ClCompile Include="Scene3.cpp">
      <Filter>SCENES</Filter>
    </ClCompile>
    <ClCompile Include="Animation.cpp">
      <Filter>Исходные файлы</Filter>
    </ClCompile>
    <ClCompile Include="Player.cpp">
      <Filter>Исходные файлы</Filter>
    </ClCompile>
    <ClCompile Include="CameraSystem.cpp">
      <Filter>SYSTEMS</Filter>
    </ClCompile>
    <ClCompile Include="InputSystem.cpp">
      <Filter>SYSTEMS</Filter>
    </ClCompile>
    <ClCompile Include="PhysicsSystem.cpp">
      <Filter>SYSTEMS</Filter>
    </ClCompile>
    <ClCompile Include="RenderSystem.cpp">
      <Filter>SYSTEMS</Filter>
    </ClCompile>
    <ClCompile Include="MultiTileObject.cpp">
      <Filter>Исходные файлы</Filter>
    </ClCompile>
  </ItemGroup>
  <ItemGroup>
    <None Include="ClassDiagram.cd" />
    <None Include="..\.gitignore" />
    <None Include="..\res\map\test_level.tmx">
      <Filter>Файлы ресурсов</Filter>
    </None>
  </ItemGroup>
  <ItemGroup>
    <Xml Include="Config.xml">
      <Filter>Файлы ресурсов</Filter>
    </Xml>
  </ItemGroup>
</Project>